<?xml version="1.0" encoding="utf-8"?>
<Project ToolsVersion="4.0" xmlns="http://schemas.microsoft.com/developer/msbuild/2003">
  <ItemGroup>
    <Filter Include="Source Files">
      <UniqueIdentifier>{4FC737F1-C7A5-4376-A066-2A32D752A2FF}</UniqueIdentifier>
      <Extensions>cpp;c;cc;cxx;c++;cppm;ixx;def;odl;idl;hpj;bat;asm;asmx</Extensions>
    </Filter>
    <Filter Include="Header Files">
      <UniqueIdentifier>{93995380-89BD-4b04-88EB-625FBE52EBFB}</UniqueIdentifier>
      <Extensions>h;hh;hpp;hxx;h++;hm;inl;inc;ipp;xsd</Extensions>
    </Filter>
    <Filter Include="Resource Files">
      <UniqueIdentifier>{67DA6AB6-F800-4c08-8B7A-83BB121AAD01}</UniqueIdentifier>
      <Extensions>rc;ico;cur;bmp;dlg;rc2;rct;bin;rgs;gif;jpg;jpeg;jpe;resx;tiff;tif;png;wav;mfcribbon-ms</Extensions>
    </Filter>
  </ItemGroup>
  <ItemGroup>
    <ClCompile Include="URSInterface.cpp">
      <Filter>Source Files</Filter>
    </ClCompile>
    <ClCompile Include="URS.cpp">
      <Filter>Source Files</Filter>
    </ClCompile>
    <ClCompile Include="Snapshot.cpp">
      <Filter>Source Files</Filter>
    </ClCompile>
    <ClCompile Include="TargetProcess.cpp">
      <Filter>Source Files</Filter>
    </ClCompile>
    <ClCompile Include="ProcessState.cpp">
      <Filter>Source Files</Filter>
    </ClCompile>
    <ClCompile Include="URSDLL.cpp">
      <Filter>Source Files</Filter>
    </ClCompile>
    <ClCompile Include="NTDLL.cpp">
      <Filter>Source Files</Filter>
    </ClCompile>
    <ClCompile Include="MemAllocInfo.cpp">
      <Filter>Source Files</Filter>
    </ClCompile>
    <ClCompile Include="CSVBuffer.cpp">
      <Filter>Source Files</Filter>
    </ClCompile>
    <ClCompile Include="DmpFile.cpp">
      <Filter>Source Files</Filter>
    </ClCompile>
    <ClCompile Include="ThreadsState.cpp">
      <Filter>Source Files</Filter>
    </ClCompile>
    <ClCompile Include="MemoryState.cpp">
      <Filter>Source Files</Filter>
    </ClCompile>
    <ClCompile Include="AllocationsState.cpp">
      <Filter>Source Files</Filter>
    </ClCompile>
  </ItemGroup>
  <ItemGroup>
    <ClInclude Include="include\URSInterface.h">
      <Filter>Header Files</Filter>
    </ClInclude>
    <ClInclude Include="URS.h">
      <Filter>Header Files</Filter>
    </ClInclude>
    <ClInclude Include="Snapshot.h">
      <Filter>Header Files</Filter>
    </ClInclude>
    <ClInclude Include="TargetProcess.h">
      <Filter>Header Files</Filter>
    </ClInclude>
    <ClInclude Include="ProcessState.h">
      <Filter>Header Files</Filter>
    </ClInclude>
    <ClInclude Include="URSDLL.h">
      <Filter>Header Files</Filter>
    </ClInclude>
    <ClInclude Include="NTDLL.h">
      <Filter>Header Files</Filter>
    </ClInclude>
    <ClInclude Include="MemAllocInfo.h">
      <Filter>Header Files</Filter>
    </ClInclude>
    <ClInclude Include="CSVBuffer.h">
      <Filter>Header Files</Filter>
    </ClInclude>
    <ClInclude Include="DmpFile.h">
      <Filter>Header Files</Filter>
    </ClInclude>
    <ClInclude Include="ThreadsState.h">
      <Filter>Header Files</Filter>
    </ClInclude>
    <ClInclude Include="MemoryState.h">
      <Filter>Header Files</Filter>
    </ClInclude>
    <ClInclude Include="AllocationsState.h">
      <Filter>Header Files</Filter>
    </ClInclude>
  </ItemGroup>
</Project>