
Microsoft Visual Studio Solution File, Format Version 12.00
# Visual Studio Version 17
VisualStudioVersion = 17.8.34525.116
MinimumVisualStudioVersion = 10.0.40219.1
Project("{8BC9CEB8-8B4A-11D0-8D11-00A0C91BC942}") = "URS", "URS\URS.vcxproj", "{920249DA-B58A-448F-BD68-F02B7EA27561}"
	ProjectSection(ProjectDependencies) = postProject
		{AD091F1C-6432-4BD3-8A3E-E7F30577D834} = {AD091F1C-6432-4BD3-8A3E-E7F30577D834}
		{CBDA5153-75BC-4B48-8A4E-10CD5191D59E} = {CBDA5153-75BC-4B48-8A4E-10CD5191D59E}
	EndProjectSection
EndProject
Project("{9A19103F-16F7-4668-BE54-9A1E7A4F7556}") = "DownloadPdb", "DownloadPdb\DownloadPdb.csproj", "{B9762F3A-F826-4705-BEB5-C1DB6F70E9FD}"
EndProject
Project("{8BC9CEB8-8B4A-11D0-8D11-00A0C91BC942}") = "kdmapper", "kdmapper-master\kdmapper\kdmapper.vcxproj", "{518E0636-BA8F-459D-ACAC-81BD33475E3E}"
EndProject
Project("{8BC9CEB8-8B4A-11D0-8D11-00A0C91BC942}") = "KURSDriver", "KURSDriver\KURSDriver.vcxproj", "{B1130353-D8C3-4CA0-A2C6-1716125D4B7F}"
EndProject
Project("{8BC9CEB8-8B4A-11D0-8D11-00A0C91BC942}") = "NTDLL", "NTDLL\NTDLL.vcxproj", "{CBDA5153-75BC-4B48-8A4E-10CD5191D59E}"
EndProject
Project("{8BC9CEB8-8B4A-11D0-8D11-00A0C91BC942}") = "Common", "Common\Common.vcxproj", "{BFF7D0FA-4500-465B-B20E-523D3A2EA6A8}"
EndProject
Project("{8BC9CEB8-8B4A-11D0-8D11-00A0C91BC942}") = "RAII", "RAII\RAII.vcxproj", "{AD091F1C-6432-4BD3-8A3E-E7F30577D834}"
	ProjectSection(ProjectDependencies) = postProject
		{CBDA5153-75BC-4B48-8A4E-10CD5191D59E} = {CBDA5153-75BC-4B48-8A4E-10CD5191D59E}
	EndProjectSection
EndProject
Project("{8BC9CEB8-8B4A-11D0-8D11-00A0C91BC942}") = "Tests", "Tests\Tests.vcxproj", "{2A4CC223-1551-449E-A454-106228B426BA}"
	ProjectSection(ProjectDependencies) = postProject
		{AD091F1C-6432-4BD3-8A3E-E7F30577D834} = {AD091F1C-6432-4BD3-8A3E-E7F30577D834}
	EndProjectSection
EndProject
Project("{8BC9CEB8-8B4A-11D0-8D11-00A0C91BC942}") = "RunTests", "UnitTestRun\UnitTestRun.vcxproj", "{113D335B-0F61-4A65-AFEC-FD63F527537D}"
	ProjectSection(ProjectDependencies) = postProject
		{920249DA-B58A-448F-BD68-F02B7EA27561} = {920249DA-B58A-448F-BD68-F02B7EA27561}
		{AD091F1C-6432-4BD3-8A3E-E7F30577D834} = {AD091F1C-6432-4BD3-8A3E-E7F30577D834}
		{CBDA5153-75BC-4B48-8A4E-10CD5191D59E} = {CBDA5153-75BC-4B48-8A4E-10CD5191D59E}
	EndProjectSection
EndProject
Project("{8BC9CEB8-8B4A-11D0-8D11-00A0C91BC942}") = "URSDriver", "URSDriver\URSDriver.vcxproj", "{D9E045B5-702E-4C34-AE00-B68801B928A8}"
EndProject
Project("{8BC9CEB8-8B4A-11D0-8D11-00A0C91BC942}") = "URSDll", "URSDll\URSDll.vcxproj", "{6B457C05-3548-4A23-B3B4-51612A5B917B}"
	ProjectSection(ProjectDependencies) = postProject
		{AD091F1C-6432-4BD3-8A3E-E7F30577D834} = {AD091F1C-6432-4BD3-8A3E-E7F30577D834}
		{CBDA5153-75BC-4B48-8A4E-10CD5191D59E} = {CBDA5153-75BC-4B48-8A4E-10CD5191D59E}
	EndProjectSection
EndProject
Project("{2150E333-8FDC-42A3-9474-1A3956D46DE8}") = "Solution Items", "Solution Items", "{326250B3-9509-4871-AD1E-9B819076F5A1}"
	ProjectSection(SolutionItems) = preProject
		README.md = README.md
	EndProjectSection
EndProject
Global
	GlobalSection(SolutionConfigurationPlatforms) = preSolution
		Debug|Any CPU = Debug|Any CPU
		Debug|ARM64 = Debug|ARM64
		Debug|x64 = Debug|x64
		Debug|x86 = Debug|x86
		lib-Debug|Any CPU = lib-Debug|Any CPU
		lib-Debug|ARM64 = lib-Debug|ARM64
		lib-Debug|x64 = lib-Debug|x64
		lib-Debug|x86 = lib-Debug|x86
		lib-Release|Any CPU = lib-Release|Any CPU
		lib-Release|ARM64 = lib-Release|ARM64
		lib-Release|x64 = lib-Release|x64
		lib-Release|x86 = lib-Release|x86
		Release|Any CPU = Release|Any CPU
		Release|ARM64 = Release|ARM64
		Release|x64 = Release|x64
		Release|x86 = Release|x86
		TestDriver|Any CPU = TestDriver|Any CPU
		TestDriver|ARM64 = TestDriver|ARM64
		TestDriver|x64 = TestDriver|x64
		TestDriver|x86 = TestDriver|x86
	EndGlobalSection
	GlobalSection(ProjectConfigurationPlatforms) = postSolution
		{920249DA-B58A-448F-BD68-F02B7EA27561}.Debug|Any CPU.ActiveCfg = Debug|x64
		{920249DA-B58A-448F-BD68-F02B7EA27561}.Debug|Any CPU.Build.0 = Debug|x64
		{920249DA-B58A-448F-BD68-F02B7EA27561}.Debug|ARM64.ActiveCfg = Debug|x64
		{920249DA-B58A-448F-BD68-F02B7EA27561}.Debug|ARM64.Build.0 = Debug|x64
		{920249DA-B58A-448F-BD68-F02B7EA27561}.Debug|x64.ActiveCfg = Debug|x64
		{920249DA-B58A-448F-BD68-F02B7EA27561}.Debug|x64.Build.0 = Debug|x64
		{920249DA-B58A-448F-BD68-F02B7EA27561}.Debug|x86.ActiveCfg = Debug|Win32
		{920249DA-B58A-448F-BD68-F02B7EA27561}.Debug|x86.Build.0 = Debug|Win32
		{920249DA-B58A-448F-BD68-F02B7EA27561}.lib-Debug|Any CPU.ActiveCfg = Debug|x64
		{920249DA-B58A-448F-BD68-F02B7EA27561}.lib-Debug|Any CPU.Build.0 = Debug|x64
		{920249DA-B58A-448F-BD68-F02B7EA27561}.lib-Debug|ARM64.ActiveCfg = Debug|x64
		{920249DA-B58A-448F-BD68-F02B7EA27561}.lib-Debug|ARM64.Build.0 = Debug|x64
		{920249DA-B58A-448F-BD68-F02B7EA27561}.lib-Debug|x64.ActiveCfg = Debug|x64
		{920249DA-B58A-448F-BD68-F02B7EA27561}.lib-Debug|x64.Build.0 = Debug|x64
		{920249DA-B58A-448F-BD68-F02B7EA27561}.lib-Debug|x86.ActiveCfg = Debug|Win32
		{920249DA-B58A-448F-BD68-F02B7EA27561}.lib-Debug|x86.Build.0 = Debug|Win32
		{920249DA-B58A-448F-BD68-F02B7EA27561}.lib-Release|Any CPU.ActiveCfg = Release|x64
		{920249DA-B58A-448F-BD68-F02B7EA27561}.lib-Release|Any CPU.Build.0 = Release|x64
		{920249DA-B58A-448F-BD68-F02B7EA27561}.lib-Release|ARM64.ActiveCfg = Release|x64
		{920249DA-B58A-448F-BD68-F02B7EA27561}.lib-Release|ARM64.Build.0 = Release|x64
		{920249DA-B58A-448F-BD68-F02B7EA27561}.lib-Release|x64.ActiveCfg = Release|x64
		{920249DA-B58A-448F-BD68-F02B7EA27561}.lib-Release|x64.Build.0 = Release|x64
		{920249DA-B58A-448F-BD68-F02B7EA27561}.lib-Release|x86.ActiveCfg = Release|Win32
		{920249DA-B58A-448F-BD68-F02B7EA27561}.lib-Release|x86.Build.0 = Release|Win32
		{920249DA-B58A-448F-BD68-F02B7EA27561}.Release|Any CPU.ActiveCfg = Release|x64
		{920249DA-B58A-448F-BD68-F02B7EA27561}.Release|Any CPU.Build.0 = Release|x64
		{920249DA-B58A-448F-BD68-F02B7EA27561}.Release|ARM64.ActiveCfg = Release|x64
		{920249DA-B58A-448F-BD68-F02B7EA27561}.Release|ARM64.Build.0 = Release|x64
		{920249DA-B58A-448F-BD68-F02B7EA27561}.Release|x64.ActiveCfg = Release|x64
		{920249DA-B58A-448F-BD68-F02B7EA27561}.Release|x64.Build.0 = Release|x64
		{920249DA-B58A-448F-BD68-F02B7EA27561}.Release|x86.ActiveCfg = Release|Win32
		{920249DA-B58A-448F-BD68-F02B7EA27561}.Release|x86.Build.0 = Release|Win32
		{920249DA-B58A-448F-BD68-F02B7EA27561}.TestDriver|Any CPU.ActiveCfg = Debug|x64
		{920249DA-B58A-448F-BD68-F02B7EA27561}.TestDriver|Any CPU.Build.0 = Debug|x64
		{920249DA-B58A-448F-BD68-F02B7EA27561}.TestDriver|ARM64.ActiveCfg = Debug|x64
		{920249DA-B58A-448F-BD68-F02B7EA27561}.TestDriver|ARM64.Build.0 = Debug|x64
		{920249DA-B58A-448F-BD68-F02B7EA27561}.TestDriver|x64.ActiveCfg = Debug|x64
		{920249DA-B58A-448F-BD68-F02B7EA27561}.TestDriver|x64.Build.0 = Debug|x64
		{920249DA-B58A-448F-BD68-F02B7EA27561}.TestDriver|x86.ActiveCfg = Debug|Win32
		{920249DA-B58A-448F-BD68-F02B7EA27561}.TestDriver|x86.Build.0 = Debug|Win32
		{B9762F3A-F826-4705-BEB5-C1DB6F70E9FD}.Debug|Any CPU.ActiveCfg = Debug|Any CPU
		{B9762F3A-F826-4705-BEB5-C1DB6F70E9FD}.Debug|Any CPU.Build.0 = Debug|Any CPU
		{B9762F3A-F826-4705-BEB5-C1DB6F70E9FD}.Debug|ARM64.ActiveCfg = Debug|Any CPU
		{B9762F3A-F826-4705-BEB5-C1DB6F70E9FD}.Debug|ARM64.Build.0 = Debug|Any CPU
		{B9762F3A-F826-4705-BEB5-C1DB6F70E9FD}.Debug|x64.ActiveCfg = Debug|Any CPU
		{B9762F3A-F826-4705-BEB5-C1DB6F70E9FD}.Debug|x64.Build.0 = Debug|Any CPU
		{B9762F3A-F826-4705-BEB5-C1DB6F70E9FD}.Debug|x86.ActiveCfg = Debug|Any CPU
		{B9762F3A-F826-4705-BEB5-C1DB6F70E9FD}.Debug|x86.Build.0 = Debug|Any CPU
		{B9762F3A-F826-4705-BEB5-C1DB6F70E9FD}.lib-Debug|Any CPU.ActiveCfg = Debug|Any CPU
		{B9762F3A-F826-4705-BEB5-C1DB6F70E9FD}.lib-Debug|Any CPU.Build.0 = Debug|Any CPU
		{B9762F3A-F826-4705-BEB5-C1DB6F70E9FD}.lib-Debug|ARM64.ActiveCfg = Debug|Any CPU
		{B9762F3A-F826-4705-BEB5-C1DB6F70E9FD}.lib-Debug|ARM64.Build.0 = Debug|Any CPU
		{B9762F3A-F826-4705-BEB5-C1DB6F70E9FD}.lib-Debug|x64.ActiveCfg = Debug|Any CPU
		{B9762F3A-F826-4705-BEB5-C1DB6F70E9FD}.lib-Debug|x64.Build.0 = Debug|Any CPU
		{B9762F3A-F826-4705-BEB5-C1DB6F70E9FD}.lib-Debug|x86.ActiveCfg = Debug|Any CPU
		{B9762F3A-F826-4705-BEB5-C1DB6F70E9FD}.lib-Debug|x86.Build.0 = Debug|Any CPU
		{B9762F3A-F826-4705-BEB5-C1DB6F70E9FD}.lib-Release|Any CPU.ActiveCfg = Release|Any CPU
		{B9762F3A-F826-4705-BEB5-C1DB6F70E9FD}.lib-Release|Any CPU.Build.0 = Release|Any CPU
		{B9762F3A-F826-4705-BEB5-C1DB6F70E9FD}.lib-Release|ARM64.ActiveCfg = Release|Any CPU
		{B9762F3A-F826-4705-BEB5-C1DB6F70E9FD}.lib-Release|ARM64.Build.0 = Release|Any CPU
		{B9762F3A-F826-4705-BEB5-C1DB6F70E9FD}.lib-Release|x64.ActiveCfg = Release|Any CPU
		{B9762F3A-F826-4705-BEB5-C1DB6F70E9FD}.lib-Release|x64.Build.0 = Release|Any CPU
		{B9762F3A-F826-4705-BEB5-C1DB6F70E9FD}.lib-Release|x86.ActiveCfg = Release|Any CPU
		{B9762F3A-F826-4705-BEB5-C1DB6F70E9FD}.lib-Release|x86.Build.0 = Release|Any CPU
		{B9762F3A-F826-4705-BEB5-C1DB6F70E9FD}.Release|Any CPU.ActiveCfg = Release|Any CPU
		{B9762F3A-F826-4705-BEB5-C1DB6F70E9FD}.Release|Any CPU.Build.0 = Release|Any CPU
		{B9762F3A-F826-4705-BEB5-C1DB6F70E9FD}.Release|ARM64.ActiveCfg = Release|Any CPU
		{B9762F3A-F826-4705-BEB5-C1DB6F70E9FD}.Release|ARM64.Build.0 = Release|Any CPU
		{B9762F3A-F826-4705-BEB5-C1DB6F70E9FD}.Release|x64.ActiveCfg = Release|Any CPU
		{B9762F3A-F826-4705-BEB5-C1DB6F70E9FD}.Release|x64.Build.0 = Release|Any CPU
		{B9762F3A-F826-4705-BEB5-C1DB6F70E9FD}.Release|x86.ActiveCfg = Release|Any CPU
		{B9762F3A-F826-4705-BEB5-C1DB6F70E9FD}.Release|x86.Build.0 = Release|Any CPU
		{B9762F3A-F826-4705-BEB5-C1DB6F70E9FD}.TestDriver|Any CPU.ActiveCfg = Debug|Any CPU
		{B9762F3A-F826-4705-BEB5-C1DB6F70E9FD}.TestDriver|Any CPU.Build.0 = Debug|Any CPU
		{B9762F3A-F826-4705-BEB5-C1DB6F70E9FD}.TestDriver|ARM64.ActiveCfg = Debug|Any CPU
		{B9762F3A-F826-4705-BEB5-C1DB6F70E9FD}.TestDriver|ARM64.Build.0 = Debug|Any CPU
		{B9762F3A-F826-4705-BEB5-C1DB6F70E9FD}.TestDriver|x64.ActiveCfg = Debug|Any CPU
		{B9762F3A-F826-4705-BEB5-C1DB6F70E9FD}.TestDriver|x64.Build.0 = Debug|Any CPU
		{B9762F3A-F826-4705-BEB5-C1DB6F70E9FD}.TestDriver|x86.ActiveCfg = Debug|Any CPU
		{B9762F3A-F826-4705-BEB5-C1DB6F70E9FD}.TestDriver|x86.Build.0 = Debug|Any CPU
		{518E0636-BA8F-459D-ACAC-81BD33475E3E}.Debug|Any CPU.ActiveCfg = Debug|x64
		{518E0636-BA8F-459D-ACAC-81BD33475E3E}.Debug|Any CPU.Build.0 = Debug|x64
		{518E0636-BA8F-459D-ACAC-81BD33475E3E}.Debug|ARM64.ActiveCfg = Debug|x64
		{518E0636-BA8F-459D-ACAC-81BD33475E3E}.Debug|ARM64.Build.0 = Debug|x64
		{518E0636-BA8F-459D-ACAC-81BD33475E3E}.Debug|x64.ActiveCfg = Debug|x64
		{518E0636-BA8F-459D-ACAC-81BD33475E3E}.Debug|x64.Build.0 = Debug|x64
		{518E0636-BA8F-459D-ACAC-81BD33475E3E}.Debug|x86.ActiveCfg = Debug|x64
		{518E0636-BA8F-459D-ACAC-81BD33475E3E}.Debug|x86.Build.0 = Debug|x64
		{518E0636-BA8F-459D-ACAC-81BD33475E3E}.lib-Debug|Any CPU.ActiveCfg = lib-Debug|x64
		{518E0636-BA8F-459D-ACAC-81BD33475E3E}.lib-Debug|Any CPU.Build.0 = lib-Debug|x64
		{518E0636-BA8F-459D-ACAC-81BD33475E3E}.lib-Debug|ARM64.ActiveCfg = lib-Debug|x64
		{518E0636-BA8F-459D-ACAC-81BD33475E3E}.lib-Debug|ARM64.Build.0 = lib-Debug|x64
		{518E0636-BA8F-459D-ACAC-81BD33475E3E}.lib-Debug|x64.ActiveCfg = lib-Debug|x64
		{518E0636-BA8F-459D-ACAC-81BD33475E3E}.lib-Debug|x64.Build.0 = lib-Debug|x64
		{518E0636-BA8F-459D-ACAC-81BD33475E3E}.lib-Debug|x86.ActiveCfg = lib-Debug|x64
		{518E0636-BA8F-459D-ACAC-81BD33475E3E}.lib-Debug|x86.Build.0 = lib-Debug|x64
		{518E0636-BA8F-459D-ACAC-81BD33475E3E}.lib-Release|Any CPU.ActiveCfg = lib-Release|x64
		{518E0636-BA8F-459D-ACAC-81BD33475E3E}.lib-Release|Any CPU.Build.0 = lib-Release|x64
		{518E0636-BA8F-459D-ACAC-81BD33475E3E}.lib-Release|ARM64.ActiveCfg = lib-Release|x64
		{518E0636-BA8F-459D-ACAC-81BD33475E3E}.lib-Release|ARM64.Build.0 = lib-Release|x64
		{518E0636-BA8F-459D-ACAC-81BD33475E3E}.lib-Release|x64.ActiveCfg = lib-Release|x64
		{518E0636-BA8F-459D-ACAC-81BD33475E3E}.lib-Release|x64.Build.0 = lib-Release|x64
		{518E0636-BA8F-459D-ACAC-81BD33475E3E}.lib-Release|x86.ActiveCfg = lib-Release|x64
		{518E0636-BA8F-459D-ACAC-81BD33475E3E}.lib-Release|x86.Build.0 = lib-Release|x64
		{518E0636-BA8F-459D-ACAC-81BD33475E3E}.Release|Any CPU.ActiveCfg = Release|x64
		{518E0636-BA8F-459D-ACAC-81BD33475E3E}.Release|Any CPU.Build.0 = Release|x64
		{518E0636-BA8F-459D-ACAC-81BD33475E3E}.Release|ARM64.ActiveCfg = Release|x64
		{518E0636-BA8F-459D-ACAC-81BD33475E3E}.Release|ARM64.Build.0 = Release|x64
		{518E0636-BA8F-459D-ACAC-81BD33475E3E}.Release|x64.ActiveCfg = Release|x64
		{518E0636-BA8F-459D-ACAC-81BD33475E3E}.Release|x64.Build.0 = Release|x64
		{518E0636-BA8F-459D-ACAC-81BD33475E3E}.Release|x86.ActiveCfg = Release|x64
		{518E0636-BA8F-459D-ACAC-81BD33475E3E}.Release|x86.Build.0 = Release|x64
		{518E0636-BA8F-459D-ACAC-81BD33475E3E}.TestDriver|Any CPU.ActiveCfg = Debug|x64
		{518E0636-BA8F-459D-ACAC-81BD33475E3E}.TestDriver|Any CPU.Build.0 = Debug|x64
		{518E0636-BA8F-459D-ACAC-81BD33475E3E}.TestDriver|ARM64.ActiveCfg = Debug|x64
		{518E0636-BA8F-459D-ACAC-81BD33475E3E}.TestDriver|ARM64.Build.0 = Debug|x64
		{518E0636-BA8F-459D-ACAC-81BD33475E3E}.TestDriver|x64.ActiveCfg = Debug|x64
		{518E0636-BA8F-459D-ACAC-81BD33475E3E}.TestDriver|x64.Build.0 = Debug|x64
		{518E0636-BA8F-459D-ACAC-81BD33475E3E}.TestDriver|x86.ActiveCfg = Debug|x64
		{518E0636-BA8F-459D-ACAC-81BD33475E3E}.TestDriver|x86.Build.0 = Debug|x64
		{B1130353-D8C3-4CA0-A2C6-1716125D4B7F}.Debug|Any CPU.ActiveCfg = Debug|x64
		{B1130353-D8C3-4CA0-A2C6-1716125D4B7F}.Debug|Any CPU.Build.0 = Debug|x64
		{B1130353-D8C3-4CA0-A2C6-1716125D4B7F}.Debug|Any CPU.Deploy.0 = Debug|x64
		{B1130353-D8C3-4CA0-A2C6-1716125D4B7F}.Debug|ARM64.ActiveCfg = Debug|ARM64
		{B1130353-D8C3-4CA0-A2C6-1716125D4B7F}.Debug|ARM64.Build.0 = Debug|ARM64
		{B1130353-D8C3-4CA0-A2C6-1716125D4B7F}.Debug|ARM64.Deploy.0 = Debug|ARM64
		{B1130353-D8C3-4CA0-A2C6-1716125D4B7F}.Debug|x64.ActiveCfg = Debug|x64
		{B1130353-D8C3-4CA0-A2C6-1716125D4B7F}.Debug|x64.Build.0 = Debug|x64
		{B1130353-D8C3-4CA0-A2C6-1716125D4B7F}.Debug|x64.Deploy.0 = Debug|x64
		{B1130353-D8C3-4CA0-A2C6-1716125D4B7F}.Debug|x86.ActiveCfg = Debug|x64
		{B1130353-D8C3-4CA0-A2C6-1716125D4B7F}.Debug|x86.Build.0 = Debug|x64
		{B1130353-D8C3-4CA0-A2C6-1716125D4B7F}.Debug|x86.Deploy.0 = Debug|x64
		{B1130353-D8C3-4CA0-A2C6-1716125D4B7F}.lib-Debug|Any CPU.ActiveCfg = Debug|x64
		{B1130353-D8C3-4CA0-A2C6-1716125D4B7F}.lib-Debug|Any CPU.Build.0 = Debug|x64
		{B1130353-D8C3-4CA0-A2C6-1716125D4B7F}.lib-Debug|Any CPU.Deploy.0 = Debug|x64
		{B1130353-D8C3-4CA0-A2C6-1716125D4B7F}.lib-Debug|ARM64.ActiveCfg = Debug|ARM64
		{B1130353-D8C3-4CA0-A2C6-1716125D4B7F}.lib-Debug|ARM64.Build.0 = Debug|ARM64
		{B1130353-D8C3-4CA0-A2C6-1716125D4B7F}.lib-Debug|ARM64.Deploy.0 = Debug|ARM64
		{B1130353-D8C3-4CA0-A2C6-1716125D4B7F}.lib-Debug|x64.ActiveCfg = Debug|x64
		{B1130353-D8C3-4CA0-A2C6-1716125D4B7F}.lib-Debug|x64.Build.0 = Debug|x64
		{B1130353-D8C3-4CA0-A2C6-1716125D4B7F}.lib-Debug|x64.Deploy.0 = Debug|x64
		{B1130353-D8C3-4CA0-A2C6-1716125D4B7F}.lib-Debug|x86.ActiveCfg = Debug|x64
		{B1130353-D8C3-4CA0-A2C6-1716125D4B7F}.lib-Debug|x86.Build.0 = Debug|x64
		{B1130353-D8C3-4CA0-A2C6-1716125D4B7F}.lib-Debug|x86.Deploy.0 = Debug|x64
		{B1130353-D8C3-4CA0-A2C6-1716125D4B7F}.lib-Release|Any CPU.ActiveCfg = Release|x64
		{B1130353-D8C3-4CA0-A2C6-1716125D4B7F}.lib-Release|Any CPU.Build.0 = Release|x64
		{B1130353-D8C3-4CA0-A2C6-1716125D4B7F}.lib-Release|Any CPU.Deploy.0 = Release|x64
		{B1130353-D8C3-4CA0-A2C6-1716125D4B7F}.lib-Release|ARM64.ActiveCfg = Release|ARM64
		{B1130353-D8C3-4CA0-A2C6-1716125D4B7F}.lib-Release|ARM64.Build.0 = Release|ARM64
		{B1130353-D8C3-4CA0-A2C6-1716125D4B7F}.lib-Release|ARM64.Deploy.0 = Release|ARM64
		{B1130353-D8C3-4CA0-A2C6-1716125D4B7F}.lib-Release|x64.ActiveCfg = Release|x64
		{B1130353-D8C3-4CA0-A2C6-1716125D4B7F}.lib-Release|x64.Build.0 = Release|x64
		{B1130353-D8C3-4CA0-A2C6-1716125D4B7F}.lib-Release|x64.Deploy.0 = Release|x64
		{B1130353-D8C3-4CA0-A2C6-1716125D4B7F}.lib-Release|x86.ActiveCfg = Release|x64
		{B1130353-D8C3-4CA0-A2C6-1716125D4B7F}.lib-Release|x86.Build.0 = Release|x64
		{B1130353-D8C3-4CA0-A2C6-1716125D4B7F}.lib-Release|x86.Deploy.0 = Release|x64
		{B1130353-D8C3-4CA0-A2C6-1716125D4B7F}.Release|Any CPU.ActiveCfg = Release|x64
		{B1130353-D8C3-4CA0-A2C6-1716125D4B7F}.Release|Any CPU.Build.0 = Release|x64
		{B1130353-D8C3-4CA0-A2C6-1716125D4B7F}.Release|Any CPU.Deploy.0 = Release|x64
		{B1130353-D8C3-4CA0-A2C6-1716125D4B7F}.Release|ARM64.ActiveCfg = Release|ARM64
		{B1130353-D8C3-4CA0-A2C6-1716125D4B7F}.Release|ARM64.Build.0 = Release|ARM64
		{B1130353-D8C3-4CA0-A2C6-1716125D4B7F}.Release|ARM64.Deploy.0 = Release|ARM64
		{B1130353-D8C3-4CA0-A2C6-1716125D4B7F}.Release|x64.ActiveCfg = Release|x64
		{B1130353-D8C3-4CA0-A2C6-1716125D4B7F}.Release|x64.Build.0 = Release|x64
		{B1130353-D8C3-4CA0-A2C6-1716125D4B7F}.Release|x64.Deploy.0 = Release|x64
		{B1130353-D8C3-4CA0-A2C6-1716125D4B7F}.Release|x86.ActiveCfg = Release|x64
		{B1130353-D8C3-4CA0-A2C6-1716125D4B7F}.Release|x86.Build.0 = Release|x64
		{B1130353-D8C3-4CA0-A2C6-1716125D4B7F}.Release|x86.Deploy.0 = Release|x64
		{B1130353-D8C3-4CA0-A2C6-1716125D4B7F}.TestDriver|Any CPU.ActiveCfg = Debug|x64
		{B1130353-D8C3-4CA0-A2C6-1716125D4B7F}.TestDriver|Any CPU.Build.0 = Debug|x64
		{B1130353-D8C3-4CA0-A2C6-1716125D4B7F}.TestDriver|Any CPU.Deploy.0 = Debug|x64
		{B1130353-D8C3-4CA0-A2C6-1716125D4B7F}.TestDriver|ARM64.ActiveCfg = Debug|ARM64
		{B1130353-D8C3-4CA0-A2C6-1716125D4B7F}.TestDriver|ARM64.Build.0 = Debug|ARM64
		{B1130353-D8C3-4CA0-A2C6-1716125D4B7F}.TestDriver|ARM64.Deploy.0 = Debug|ARM64
		{B1130353-D8C3-4CA0-A2C6-1716125D4B7F}.TestDriver|x64.ActiveCfg = Debug|x64
		{B1130353-D8C3-4CA0-A2C6-1716125D4B7F}.TestDriver|x64.Build.0 = Debug|x64
		{B1130353-D8C3-4CA0-A2C6-1716125D4B7F}.TestDriver|x64.Deploy.0 = Debug|x64
		{B1130353-D8C3-4CA0-A2C6-1716125D4B7F}.TestDriver|x86.ActiveCfg = Debug|x64
		{B1130353-D8C3-4CA0-A2C6-1716125D4B7F}.TestDriver|x86.Build.0 = Debug|x64
		{B1130353-D8C3-4CA0-A2C6-1716125D4B7F}.TestDriver|x86.Deploy.0 = Debug|x64
		{CBDA5153-75BC-4B48-8A4E-10CD5191D59E}.Debug|Any CPU.ActiveCfg = Debug|x64
		{CBDA5153-75BC-4B48-8A4E-10CD5191D59E}.Debug|Any CPU.Build.0 = Debug|x64
		{CBDA5153-75BC-4B48-8A4E-10CD5191D59E}.Debug|ARM64.ActiveCfg = Debug|x64
		{CBDA5153-75BC-4B48-8A4E-10CD5191D59E}.Debug|ARM64.Build.0 = Debug|x64
		{CBDA5153-75BC-4B48-8A4E-10CD5191D59E}.Debug|x64.ActiveCfg = Debug|x64
		{CBDA5153-75BC-4B48-8A4E-10CD5191D59E}.Debug|x64.Build.0 = Debug|x64
		{CBDA5153-75BC-4B48-8A4E-10CD5191D59E}.Debug|x86.ActiveCfg = Debug|Win32
		{CBDA5153-75BC-4B48-8A4E-10CD5191D59E}.Debug|x86.Build.0 = Debug|Win32
		{CBDA5153-75BC-4B48-8A4E-10CD5191D59E}.lib-Debug|Any CPU.ActiveCfg = Debug|x64
		{CBDA5153-75BC-4B48-8A4E-10CD5191D59E}.lib-Debug|Any CPU.Build.0 = Debug|x64
		{CBDA5153-75BC-4B48-8A4E-10CD5191D59E}.lib-Debug|ARM64.ActiveCfg = Debug|x64
		{CBDA5153-75BC-4B48-8A4E-10CD5191D59E}.lib-Debug|ARM64.Build.0 = Debug|x64
		{CBDA5153-75BC-4B48-8A4E-10CD5191D59E}.lib-Debug|x64.ActiveCfg = Debug|x64
		{CBDA5153-75BC-4B48-8A4E-10CD5191D59E}.lib-Debug|x64.Build.0 = Debug|x64
		{CBDA5153-75BC-4B48-8A4E-10CD5191D59E}.lib-Debug|x86.ActiveCfg = Debug|Win32
		{CBDA5153-75BC-4B48-8A4E-10CD5191D59E}.lib-Debug|x86.Build.0 = Debug|Win32
		{CBDA5153-75BC-4B48-8A4E-10CD5191D59E}.lib-Release|Any CPU.ActiveCfg = Release|x64
		{CBDA5153-75BC-4B48-8A4E-10CD5191D59E}.lib-Release|Any CPU.Build.0 = Release|x64
		{CBDA5153-75BC-4B48-8A4E-10CD5191D59E}.lib-Release|ARM64.ActiveCfg = Release|x64
		{CBDA5153-75BC-4B48-8A4E-10CD5191D59E}.lib-Release|ARM64.Build.0 = Release|x64
		{CBDA5153-75BC-4B48-8A4E-10CD5191D59E}.lib-Release|x64.ActiveCfg = Release|x64
		{CBDA5153-75BC-4B48-8A4E-10CD5191D59E}.lib-Release|x64.Build.0 = Release|x64
		{CBDA5153-75BC-4B48-8A4E-10CD5191D59E}.lib-Release|x86.ActiveCfg = Release|Win32
		{CBDA5153-75BC-4B48-8A4E-10CD5191D59E}.lib-Release|x86.Build.0 = Release|Win32
		{CBDA5153-75BC-4B48-8A4E-10CD5191D59E}.Release|Any CPU.ActiveCfg = Release|x64
		{CBDA5153-75BC-4B48-8A4E-10CD5191D59E}.Release|Any CPU.Build.0 = Release|x64
		{CBDA5153-75BC-4B48-8A4E-10CD5191D59E}.Release|ARM64.ActiveCfg = Release|x64
		{CBDA5153-75BC-4B48-8A4E-10CD5191D59E}.Release|ARM64.Build.0 = Release|x64
		{CBDA5153-75BC-4B48-8A4E-10CD5191D59E}.Release|x64.ActiveCfg = Release|x64
		{CBDA5153-75BC-4B48-8A4E-10CD5191D59E}.Release|x64.Build.0 = Release|x64
		{CBDA5153-75BC-4B48-8A4E-10CD5191D59E}.Release|x86.ActiveCfg = Release|Win32
		{CBDA5153-75BC-4B48-8A4E-10CD5191D59E}.Release|x86.Build.0 = Release|Win32
		{CBDA5153-75BC-4B48-8A4E-10CD5191D59E}.TestDriver|Any CPU.ActiveCfg = Debug|x64
		{CBDA5153-75BC-4B48-8A4E-10CD5191D59E}.TestDriver|Any CPU.Build.0 = Debug|x64
		{CBDA5153-75BC-4B48-8A4E-10CD5191D59E}.TestDriver|ARM64.ActiveCfg = Debug|x64
		{CBDA5153-75BC-4B48-8A4E-10CD5191D59E}.TestDriver|ARM64.Build.0 = Debug|x64
		{CBDA5153-75BC-4B48-8A4E-10CD5191D59E}.TestDriver|x64.ActiveCfg = Debug|x64
		{CBDA5153-75BC-4B48-8A4E-10CD5191D59E}.TestDriver|x64.Build.0 = Debug|x64
		{CBDA5153-75BC-4B48-8A4E-10CD5191D59E}.TestDriver|x86.ActiveCfg = Debug|Win32
		{CBDA5153-75BC-4B48-8A4E-10CD5191D59E}.TestDriver|x86.Build.0 = Debug|Win32
		{BFF7D0FA-4500-465B-B20E-523D3A2EA6A8}.Debug|Any CPU.ActiveCfg = Debug|x64
		{BFF7D0FA-4500-465B-B20E-523D3A2EA6A8}.Debug|Any CPU.Build.0 = Debug|x64
		{BFF7D0FA-4500-465B-B20E-523D3A2EA6A8}.Debug|ARM64.ActiveCfg = Debug|x64
		{BFF7D0FA-4500-465B-B20E-523D3A2EA6A8}.Debug|ARM64.Build.0 = Debug|x64
		{BFF7D0FA-4500-465B-B20E-523D3A2EA6A8}.Debug|x64.ActiveCfg = Debug|x64
		{BFF7D0FA-4500-465B-B20E-523D3A2EA6A8}.Debug|x64.Build.0 = Debug|x64
		{BFF7D0FA-4500-465B-B20E-523D3A2EA6A8}.Debug|x86.ActiveCfg = Debug|Win32
		{BFF7D0FA-4500-465B-B20E-523D3A2EA6A8}.Debug|x86.Build.0 = Debug|Win32
		{BFF7D0FA-4500-465B-B20E-523D3A2EA6A8}.lib-Debug|Any CPU.ActiveCfg = Debug|x64
		{BFF7D0FA-4500-465B-B20E-523D3A2EA6A8}.lib-Debug|Any CPU.Build.0 = Debug|x64
		{BFF7D0FA-4500-465B-B20E-523D3A2EA6A8}.lib-Debug|ARM64.ActiveCfg = Debug|x64
		{BFF7D0FA-4500-465B-B20E-523D3A2EA6A8}.lib-Debug|ARM64.Build.0 = Debug|x64
		{BFF7D0FA-4500-465B-B20E-523D3A2EA6A8}.lib-Debug|x64.ActiveCfg = Debug|x64
		{BFF7D0FA-4500-465B-B20E-523D3A2EA6A8}.lib-Debug|x64.Build.0 = Debug|x64
		{BFF7D0FA-4500-465B-B20E-523D3A2EA6A8}.lib-Debug|x86.ActiveCfg = Debug|Win32
		{BFF7D0FA-4500-465B-B20E-523D3A2EA6A8}.lib-Debug|x86.Build.0 = Debug|Win32
		{BFF7D0FA-4500-465B-B20E-523D3A2EA6A8}.lib-Release|Any CPU.ActiveCfg = Release|x64
		{BFF7D0FA-4500-465B-B20E-523D3A2EA6A8}.lib-Release|Any CPU.Build.0 = Release|x64
		{BFF7D0FA-4500-465B-B20E-523D3A2EA6A8}.lib-Release|ARM64.ActiveCfg = Release|x64
		{BFF7D0FA-4500-465B-B20E-523D3A2EA6A8}.lib-Release|ARM64.Build.0 = Release|x64
		{BFF7D0FA-4500-465B-B20E-523D3A2EA6A8}.lib-Release|x64.ActiveCfg = Release|x64
		{BFF7D0FA-4500-465B-B20E-523D3A2EA6A8}.lib-Release|x64.Build.0 = Release|x64
		{BFF7D0FA-4500-465B-B20E-523D3A2EA6A8}.lib-Release|x86.ActiveCfg = Release|Win32
		{BFF7D0FA-4500-465B-B20E-523D3A2EA6A8}.lib-Release|x86.Build.0 = Release|Win32
		{BFF7D0FA-4500-465B-B20E-523D3A2EA6A8}.Release|Any CPU.ActiveCfg = Release|x64
		{BFF7D0FA-4500-465B-B20E-523D3A2EA6A8}.Release|Any CPU.Build.0 = Release|x64
		{BFF7D0FA-4500-465B-B20E-523D3A2EA6A8}.Release|ARM64.ActiveCfg = Release|x64
		{BFF7D0FA-4500-465B-B20E-523D3A2EA6A8}.Release|ARM64.Build.0 = Release|x64
		{BFF7D0FA-4500-465B-B20E-523D3A2EA6A8}.Release|x64.ActiveCfg = Release|x64
		{BFF7D0FA-4500-465B-B20E-523D3A2EA6A8}.Release|x64.Build.0 = Release|x64
		{BFF7D0FA-4500-465B-B20E-523D3A2EA6A8}.Release|x86.ActiveCfg = Release|Win32
		{BFF7D0FA-4500-465B-B20E-523D3A2EA6A8}.Release|x86.Build.0 = Release|Win32
		{BFF7D0FA-4500-465B-B20E-523D3A2EA6A8}.TestDriver|Any CPU.ActiveCfg = Debug|x64
		{BFF7D0FA-4500-465B-B20E-523D3A2EA6A8}.TestDriver|Any CPU.Build.0 = Debug|x64
		{BFF7D0FA-4500-465B-B20E-523D3A2EA6A8}.TestDriver|ARM64.ActiveCfg = Debug|x64
		{BFF7D0FA-4500-465B-B20E-523D3A2EA6A8}.TestDriver|ARM64.Build.0 = Debug|x64
		{BFF7D0FA-4500-465B-B20E-523D3A2EA6A8}.TestDriver|x64.ActiveCfg = Debug|x64
		{BFF7D0FA-4500-465B-B20E-523D3A2EA6A8}.TestDriver|x64.Build.0 = Debug|x64
		{BFF7D0FA-4500-465B-B20E-523D3A2EA6A8}.TestDriver|x86.ActiveCfg = Debug|Win32
		{BFF7D0FA-4500-465B-B20E-523D3A2EA6A8}.TestDriver|x86.Build.0 = Debug|Win32
		{AD091F1C-6432-4BD3-8A3E-E7F30577D834}.Debug|Any CPU.ActiveCfg = Debug|x64
		{AD091F1C-6432-4BD3-8A3E-E7F30577D834}.Debug|Any CPU.Build.0 = Debug|x64
		{AD091F1C-6432-4BD3-8A3E-E7F30577D834}.Debug|ARM64.ActiveCfg = Debug|x64
		{AD091F1C-6432-4BD3-8A3E-E7F30577D834}.Debug|ARM64.Build.0 = Debug|x64
		{AD091F1C-6432-4BD3-8A3E-E7F30577D834}.Debug|x64.ActiveCfg = Debug|x64
		{AD091F1C-6432-4BD3-8A3E-E7F30577D834}.Debug|x64.Build.0 = Debug|x64
		{AD091F1C-6432-4BD3-8A3E-E7F30577D834}.Debug|x86.ActiveCfg = Debug|Win32
		{AD091F1C-6432-4BD3-8A3E-E7F30577D834}.Debug|x86.Build.0 = Debug|Win32
		{AD091F1C-6432-4BD3-8A3E-E7F30577D834}.lib-Debug|Any CPU.ActiveCfg = Debug|x64
		{AD091F1C-6432-4BD3-8A3E-E7F30577D834}.lib-Debug|Any CPU.Build.0 = Debug|x64
		{AD091F1C-6432-4BD3-8A3E-E7F30577D834}.lib-Debug|ARM64.ActiveCfg = Debug|x64
		{AD091F1C-6432-4BD3-8A3E-E7F30577D834}.lib-Debug|ARM64.Build.0 = Debug|x64
		{AD091F1C-6432-4BD3-8A3E-E7F30577D834}.lib-Debug|x64.ActiveCfg = Debug|x64
		{AD091F1C-6432-4BD3-8A3E-E7F30577D834}.lib-Debug|x64.Build.0 = Debug|x64
		{AD091F1C-6432-4BD3-8A3E-E7F30577D834}.lib-Debug|x86.ActiveCfg = Debug|Win32
		{AD091F1C-6432-4BD3-8A3E-E7F30577D834}.lib-Debug|x86.Build.0 = Debug|Win32
		{AD091F1C-6432-4BD3-8A3E-E7F30577D834}.lib-Release|Any CPU.ActiveCfg = Release|x64
		{AD091F1C-6432-4BD3-8A3E-E7F30577D834}.lib-Release|Any CPU.Build.0 = Release|x64
		{AD091F1C-6432-4BD3-8A3E-E7F30577D834}.lib-Release|ARM64.ActiveCfg = Release|x64
		{AD091F1C-6432-4BD3-8A3E-E7F30577D834}.lib-Release|ARM64.Build.0 = Release|x64
		{AD091F1C-6432-4BD3-8A3E-E7F30577D834}.lib-Release|x64.ActiveCfg = Release|x64
		{AD091F1C-6432-4BD3-8A3E-E7F30577D834}.lib-Release|x64.Build.0 = Release|x64
		{AD091F1C-6432-4BD3-8A3E-E7F30577D834}.lib-Release|x86.ActiveCfg = Release|Win32
		{AD091F1C-6432-4BD3-8A3E-E7F30577D834}.lib-Release|x86.Build.0 = Release|Win32
		{AD091F1C-6432-4BD3-8A3E-E7F30577D834}.Release|Any CPU.ActiveCfg = Release|x64
		{AD091F1C-6432-4BD3-8A3E-E7F30577D834}.Release|Any CPU.Build.0 = Release|x64
		{AD091F1C-6432-4BD3-8A3E-E7F30577D834}.Release|ARM64.ActiveCfg = Release|x64
		{AD091F1C-6432-4BD3-8A3E-E7F30577D834}.Release|ARM64.Build.0 = Release|x64
		{AD091F1C-6432-4BD3-8A3E-E7F30577D834}.Release|x64.ActiveCfg = Release|x64
		{AD091F1C-6432-4BD3-8A3E-E7F30577D834}.Release|x64.Build.0 = Release|x64
		{AD091F1C-6432-4BD3-8A3E-E7F30577D834}.Release|x86.ActiveCfg = Release|Win32
		{AD091F1C-6432-4BD3-8A3E-E7F30577D834}.Release|x86.Build.0 = Release|Win32
		{AD091F1C-6432-4BD3-8A3E-E7F30577D834}.TestDriver|Any CPU.ActiveCfg = Debug|x64
		{AD091F1C-6432-4BD3-8A3E-E7F30577D834}.TestDriver|Any CPU.Build.0 = Debug|x64
		{AD091F1C-6432-4BD3-8A3E-E7F30577D834}.TestDriver|ARM64.ActiveCfg = Debug|x64
		{AD091F1C-6432-4BD3-8A3E-E7F30577D834}.TestDriver|ARM64.Build.0 = Debug|x64
		{AD091F1C-6432-4BD3-8A3E-E7F30577D834}.TestDriver|x64.ActiveCfg = Debug|x64
		{AD091F1C-6432-4BD3-8A3E-E7F30577D834}.TestDriver|x64.Build.0 = Debug|x64
		{AD091F1C-6432-4BD3-8A3E-E7F30577D834}.TestDriver|x86.ActiveCfg = Debug|Win32
		{AD091F1C-6432-4BD3-8A3E-E7F30577D834}.TestDriver|x86.Build.0 = Debug|Win32
		{2A4CC223-1551-449E-A454-106228B426BA}.Debug|Any CPU.ActiveCfg = Debug|x64
		{2A4CC223-1551-449E-A454-106228B426BA}.Debug|Any CPU.Build.0 = Debug|x64
		{2A4CC223-1551-449E-A454-106228B426BA}.Debug|Any CPU.Deploy.0 = Debug|x64
		{2A4CC223-1551-449E-A454-106228B426BA}.Debug|ARM64.ActiveCfg = Debug|x64
		{2A4CC223-1551-449E-A454-106228B426BA}.Debug|ARM64.Build.0 = Debug|x64
		{2A4CC223-1551-449E-A454-106228B426BA}.Debug|ARM64.Deploy.0 = Debug|x64
		{2A4CC223-1551-449E-A454-106228B426BA}.Debug|x64.ActiveCfg = Debug|x64
		{2A4CC223-1551-449E-A454-106228B426BA}.Debug|x64.Build.0 = Debug|x64
		{2A4CC223-1551-449E-A454-106228B426BA}.Debug|x64.Deploy.0 = Debug|x64
		{2A4CC223-1551-449E-A454-106228B426BA}.Debug|x86.ActiveCfg = Debug|Win32
		{2A4CC223-1551-449E-A454-106228B426BA}.Debug|x86.Build.0 = Debug|Win32
		{2A4CC223-1551-449E-A454-106228B426BA}.Debug|x86.Deploy.0 = Debug|Win32
		{2A4CC223-1551-449E-A454-106228B426BA}.lib-Debug|Any CPU.ActiveCfg = Debug|x64
		{2A4CC223-1551-449E-A454-106228B426BA}.lib-Debug|Any CPU.Build.0 = Debug|x64
		{2A4CC223-1551-449E-A454-106228B426BA}.lib-Debug|Any CPU.Deploy.0 = Debug|x64
		{2A4CC223-1551-449E-A454-106228B426BA}.lib-Debug|ARM64.ActiveCfg = Debug|x64
		{2A4CC223-1551-449E-A454-106228B426BA}.lib-Debug|ARM64.Build.0 = Debug|x64
		{2A4CC223-1551-449E-A454-106228B426BA}.lib-Debug|ARM64.Deploy.0 = Debug|x64
		{2A4CC223-1551-449E-A454-106228B426BA}.lib-Debug|x64.ActiveCfg = Debug|x64
		{2A4CC223-1551-449E-A454-106228B426BA}.lib-Debug|x64.Build.0 = Debug|x64
		{2A4CC223-1551-449E-A454-106228B426BA}.lib-Debug|x64.Deploy.0 = Debug|x64
		{2A4CC223-1551-449E-A454-106228B426BA}.lib-Debug|x86.ActiveCfg = Debug|Win32
		{2A4CC223-1551-449E-A454-106228B426BA}.lib-Debug|x86.Build.0 = Debug|Win32
		{2A4CC223-1551-449E-A454-106228B426BA}.lib-Debug|x86.Deploy.0 = Debug|Win32
		{2A4CC223-1551-449E-A454-106228B426BA}.lib-Release|Any CPU.ActiveCfg = Release|x64
		{2A4CC223-1551-449E-A454-106228B426BA}.lib-Release|Any CPU.Build.0 = Release|x64
		{2A4CC223-1551-449E-A454-106228B426BA}.lib-Release|ARM64.ActiveCfg = Release|x64
		{2A4CC223-1551-449E-A454-106228B426BA}.lib-Release|ARM64.Build.0 = Release|x64
		{2A4CC223-1551-449E-A454-106228B426BA}.lib-Release|x64.ActiveCfg = Release|x64
		{2A4CC223-1551-449E-A454-106228B426BA}.lib-Release|x64.Build.0 = Release|x64
		{2A4CC223-1551-449E-A454-106228B426BA}.lib-Release|x86.ActiveCfg = Release|Win32
		{2A4CC223-1551-449E-A454-106228B426BA}.lib-Release|x86.Build.0 = Release|Win32
		{2A4CC223-1551-449E-A454-106228B426BA}.Release|Any CPU.ActiveCfg = Release|x64
		{2A4CC223-1551-449E-A454-106228B426BA}.Release|Any CPU.Build.0 = Release|x64
		{2A4CC223-1551-449E-A454-106228B426BA}.Release|ARM64.ActiveCfg = Release|x64
		{2A4CC223-1551-449E-A454-106228B426BA}.Release|ARM64.Build.0 = Release|x64
		{2A4CC223-1551-449E-A454-106228B426BA}.Release|x64.ActiveCfg = Release|x64
		{2A4CC223-1551-449E-A454-106228B426BA}.Release|x64.Build.0 = Release|x64
		{2A4CC223-1551-449E-A454-106228B426BA}.Release|x86.ActiveCfg = Release|Win32
		{2A4CC223-1551-449E-A454-106228B426BA}.Release|x86.Build.0 = Release|Win32
		{2A4CC223-1551-449E-A454-106228B426BA}.TestDriver|Any CPU.ActiveCfg = TestDriver|x64
		{2A4CC223-1551-449E-A454-106228B426BA}.TestDriver|Any CPU.Build.0 = TestDriver|x64
		{2A4CC223-1551-449E-A454-106228B426BA}.TestDriver|ARM64.ActiveCfg = TestDriver|x64
		{2A4CC223-1551-449E-A454-106228B426BA}.TestDriver|ARM64.Build.0 = TestDriver|x64
		{2A4CC223-1551-449E-A454-106228B426BA}.TestDriver|x64.ActiveCfg = TestDriver|x64
		{2A4CC223-1551-449E-A454-106228B426BA}.TestDriver|x64.Build.0 = TestDriver|x64
		{2A4CC223-1551-449E-A454-106228B426BA}.TestDriver|x86.ActiveCfg = TestDriver|Win32
		{2A4CC223-1551-449E-A454-106228B426BA}.TestDriver|x86.Build.0 = TestDriver|Win32
		{113D335B-0F61-4A65-AFEC-FD63F527537D}.Debug|Any CPU.ActiveCfg = Debug|x64
		{113D335B-0F61-4A65-AFEC-FD63F527537D}.Debug|Any CPU.Build.0 = Debug|x64
		{113D335B-0F61-4A65-AFEC-FD63F527537D}.Debug|Any CPU.Deploy.0 = Debug|x64
		{113D335B-0F61-4A65-AFEC-FD63F527537D}.Debug|ARM64.ActiveCfg = Debug|x64
		{113D335B-0F61-4A65-AFEC-FD63F527537D}.Debug|ARM64.Build.0 = Debug|x64
		{113D335B-0F61-4A65-AFEC-FD63F527537D}.Debug|ARM64.Deploy.0 = Debug|x64
		{113D335B-0F61-4A65-AFEC-FD63F527537D}.Debug|x64.ActiveCfg = Debug|x64
		{113D335B-0F61-4A65-AFEC-FD63F527537D}.Debug|x64.Build.0 = Debug|x64
		{113D335B-0F61-4A65-AFEC-FD63F527537D}.Debug|x64.Deploy.0 = Debug|x64
		{113D335B-0F61-4A65-AFEC-FD63F527537D}.Debug|x86.ActiveCfg = Debug|Win32
		{113D335B-0F61-4A65-AFEC-FD63F527537D}.Debug|x86.Build.0 = Debug|Win32
		{113D335B-0F61-4A65-AFEC-FD63F527537D}.Debug|x86.Deploy.0 = Debug|Win32
		{113D335B-0F61-4A65-AFEC-FD63F527537D}.lib-Debug|Any CPU.ActiveCfg = Debug|x64
		{113D335B-0F61-4A65-AFEC-FD63F527537D}.lib-Debug|Any CPU.Build.0 = Debug|x64
		{113D335B-0F61-4A65-AFEC-FD63F527537D}.lib-Debug|Any CPU.Deploy.0 = Debug|x64
		{113D335B-0F61-4A65-AFEC-FD63F527537D}.lib-Debug|ARM64.ActiveCfg = Debug|x64
		{113D335B-0F61-4A65-AFEC-FD63F527537D}.lib-Debug|ARM64.Build.0 = Debug|x64
		{113D335B-0F61-4A65-AFEC-FD63F527537D}.lib-Debug|ARM64.Deploy.0 = Debug|x64
		{113D335B-0F61-4A65-AFEC-FD63F527537D}.lib-Debug|x64.ActiveCfg = Debug|x64
		{113D335B-0F61-4A65-AFEC-FD63F527537D}.lib-Debug|x64.Build.0 = Debug|x64
		{113D335B-0F61-4A65-AFEC-FD63F527537D}.lib-Debug|x64.Deploy.0 = Debug|x64
		{113D335B-0F61-4A65-AFEC-FD63F527537D}.lib-Debug|x86.ActiveCfg = Debug|Win32
		{113D335B-0F61-4A65-AFEC-FD63F527537D}.lib-Debug|x86.Build.0 = Debug|Win32
		{113D335B-0F61-4A65-AFEC-FD63F527537D}.lib-Debug|x86.Deploy.0 = Debug|Win32
		{113D335B-0F61-4A65-AFEC-FD63F527537D}.lib-Release|Any CPU.ActiveCfg = Release|x64
		{113D335B-0F61-4A65-AFEC-FD63F527537D}.lib-Release|Any CPU.Build.0 = Release|x64
		{113D335B-0F61-4A65-AFEC-FD63F527537D}.lib-Release|ARM64.ActiveCfg = Release|x64
		{113D335B-0F61-4A65-AFEC-FD63F527537D}.lib-Release|ARM64.Build.0 = Release|x64
		{113D335B-0F61-4A65-AFEC-FD63F527537D}.lib-Release|x64.ActiveCfg = Release|x64
		{113D335B-0F61-4A65-AFEC-FD63F527537D}.lib-Release|x64.Build.0 = Release|x64
		{113D335B-0F61-4A65-AFEC-FD63F527537D}.lib-Release|x86.ActiveCfg = Release|Win32
		{113D335B-0F61-4A65-AFEC-FD63F527537D}.lib-Release|x86.Build.0 = Release|Win32
		{113D335B-0F61-4A65-AFEC-FD63F527537D}.Release|Any CPU.ActiveCfg = Release|x64
		{113D335B-0F61-4A65-AFEC-FD63F527537D}.Release|Any CPU.Build.0 = Release|x64
		{113D335B-0F61-4A65-AFEC-FD63F527537D}.Release|ARM64.ActiveCfg = Release|x64
		{113D335B-0F61-4A65-AFEC-FD63F527537D}.Release|ARM64.Build.0 = Release|x64
		{113D335B-0F61-4A65-AFEC-FD63F527537D}.Release|x64.ActiveCfg = Release|x64
		{113D335B-0F61-4A65-AFEC-FD63F527537D}.Release|x64.Build.0 = Release|x64
		{113D335B-0F61-4A65-AFEC-FD63F527537D}.Release|x86.ActiveCfg = Release|Win32
		{113D335B-0F61-4A65-AFEC-FD63F527537D}.Release|x86.Build.0 = Release|Win32
		{113D335B-0F61-4A65-AFEC-FD63F527537D}.TestDriver|Any CPU.ActiveCfg = Debug|x64
		{113D335B-0F61-4A65-AFEC-FD63F527537D}.TestDriver|Any CPU.Build.0 = Debug|x64
		{113D335B-0F61-4A65-AFEC-FD63F527537D}.TestDriver|Any CPU.Deploy.0 = Debug|x64
		{113D335B-0F61-4A65-AFEC-FD63F527537D}.TestDriver|ARM64.ActiveCfg = Debug|x64
		{113D335B-0F61-4A65-AFEC-FD63F527537D}.TestDriver|ARM64.Build.0 = Debug|x64
		{113D335B-0F61-4A65-AFEC-FD63F527537D}.TestDriver|ARM64.Deploy.0 = Debug|x64
		{113D335B-0F61-4A65-AFEC-FD63F527537D}.TestDriver|x64.ActiveCfg = Debug|x64
		{113D335B-0F61-4A65-AFEC-FD63F527537D}.TestDriver|x64.Build.0 = Debug|x64
		{113D335B-0F61-4A65-AFEC-FD63F527537D}.TestDriver|x64.Deploy.0 = Debug|x64
		{113D335B-0F61-4A65-AFEC-FD63F527537D}.TestDriver|x86.ActiveCfg = Debug|Win32
		{113D335B-0F61-4A65-AFEC-FD63F527537D}.TestDriver|x86.Build.0 = Debug|Win32
		{113D335B-0F61-4A65-AFEC-FD63F527537D}.TestDriver|x86.Deploy.0 = Debug|Win32
		{D9E045B5-702E-4C34-AE00-B68801B928A8}.Debug|Any CPU.ActiveCfg = Debug|x64
		{D9E045B5-702E-4C34-AE00-B68801B928A8}.Debug|Any CPU.Build.0 = Debug|x64
		{D9E045B5-702E-4C34-AE00-B68801B928A8}.Debug|ARM64.ActiveCfg = Debug|x64
		{D9E045B5-702E-4C34-AE00-B68801B928A8}.Debug|ARM64.Build.0 = Debug|x64
		{D9E045B5-702E-4C34-AE00-B68801B928A8}.Debug|x64.ActiveCfg = Debug|x64
		{D9E045B5-702E-4C34-AE00-B68801B928A8}.Debug|x64.Build.0 = Debug|x64
		{D9E045B5-702E-4C34-AE00-B68801B928A8}.Debug|x86.ActiveCfg = Debug|Win32
		{D9E045B5-702E-4C34-AE00-B68801B928A8}.Debug|x86.Build.0 = Debug|Win32
		{D9E045B5-702E-4C34-AE00-B68801B928A8}.lib-Debug|Any CPU.ActiveCfg = Debug|x64
		{D9E045B5-702E-4C34-AE00-B68801B928A8}.lib-Debug|Any CPU.Build.0 = Debug|x64
		{D9E045B5-702E-4C34-AE00-B68801B928A8}.lib-Debug|ARM64.ActiveCfg = Debug|x64
		{D9E045B5-702E-4C34-AE00-B68801B928A8}.lib-Debug|ARM64.Build.0 = Debug|x64
		{D9E045B5-702E-4C34-AE00-B68801B928A8}.lib-Debug|x64.ActiveCfg = Debug|x64
		{D9E045B5-702E-4C34-AE00-B68801B928A8}.lib-Debug|x64.Build.0 = Debug|x64
		{D9E045B5-702E-4C34-AE00-B68801B928A8}.lib-Debug|x86.ActiveCfg = Debug|Win32
		{D9E045B5-702E-4C34-AE00-B68801B928A8}.lib-Debug|x86.Build.0 = Debug|Win32
		{D9E045B5-702E-4C34-AE00-B68801B928A8}.lib-Release|Any CPU.ActiveCfg = Release|x64
		{D9E045B5-702E-4C34-AE00-B68801B928A8}.lib-Release|Any CPU.Build.0 = Release|x64
		{D9E045B5-702E-4C34-AE00-B68801B928A8}.lib-Release|ARM64.ActiveCfg = Release|x64
		{D9E045B5-702E-4C34-AE00-B68801B928A8}.lib-Release|ARM64.Build.0 = Release|x64
		{D9E045B5-702E-4C34-AE00-B68801B928A8}.lib-Release|x64.ActiveCfg = Release|x64
		{D9E045B5-702E-4C34-AE00-B68801B928A8}.lib-Release|x64.Build.0 = Release|x64
		{D9E045B5-702E-4C34-AE00-B68801B928A8}.lib-Release|x86.ActiveCfg = Release|Win32
		{D9E045B5-702E-4C34-AE00-B68801B928A8}.lib-Release|x86.Build.0 = Release|Win32
		{D9E045B5-702E-4C34-AE00-B68801B928A8}.Release|Any CPU.ActiveCfg = Release|x64
		{D9E045B5-702E-4C34-AE00-B68801B928A8}.Release|Any CPU.Build.0 = Release|x64
		{D9E045B5-702E-4C34-AE00-B68801B928A8}.Release|ARM64.ActiveCfg = Release|x64
		{D9E045B5-702E-4C34-AE00-B68801B928A8}.Release|ARM64.Build.0 = Release|x64
		{D9E045B5-702E-4C34-AE00-B68801B928A8}.Release|x64.ActiveCfg = Release|x64
		{D9E045B5-702E-4C34-AE00-B68801B928A8}.Release|x64.Build.0 = Release|x64
		{D9E045B5-702E-4C34-AE00-B68801B928A8}.Release|x86.ActiveCfg = Release|Win32
		{D9E045B5-702E-4C34-AE00-B68801B928A8}.Release|x86.Build.0 = Release|Win32
		{D9E045B5-702E-4C34-AE00-B68801B928A8}.TestDriver|Any CPU.ActiveCfg = Debug|x64
		{D9E045B5-702E-4C34-AE00-B68801B928A8}.TestDriver|Any CPU.Build.0 = Debug|x64
		{D9E045B5-702E-4C34-AE00-B68801B928A8}.TestDriver|ARM64.ActiveCfg = Debug|x64
		{D9E045B5-702E-4C34-AE00-B68801B928A8}.TestDriver|ARM64.Build.0 = Debug|x64
		{D9E045B5-702E-4C34-AE00-B68801B928A8}.TestDriver|x64.ActiveCfg = Debug|x64
		{D9E045B5-702E-4C34-AE00-B68801B928A8}.TestDriver|x64.Build.0 = Debug|x64
		{D9E045B5-702E-4C34-AE00-B68801B928A8}.TestDriver|x86.ActiveCfg = Debug|Win32
		{D9E045B5-702E-4C34-AE00-B68801B928A8}.TestDriver|x86.Build.0 = Debug|Win32
		{6B457C05-3548-4A23-B3B4-51612A5B917B}.Debug|Any CPU.ActiveCfg = Debug|x64
		{6B457C05-3548-4A23-B3B4-51612A5B917B}.Debug|Any CPU.Build.0 = Debug|x64
		{6B457C05-3548-4A23-B3B4-51612A5B917B}.Debug|Any CPU.Deploy.0 = Debug|x64
		{6B457C05-3548-4A23-B3B4-51612A5B917B}.Debug|ARM64.ActiveCfg = Debug|x64
		{6B457C05-3548-4A23-B3B4-51612A5B917B}.Debug|ARM64.Build.0 = Debug|x64
		{6B457C05-3548-4A23-B3B4-51612A5B917B}.Debug|ARM64.Deploy.0 = Debug|x64
		{6B457C05-3548-4A23-B3B4-51612A5B917B}.Debug|x64.ActiveCfg = Debug|x64
		{6B457C05-3548-4A23-B3B4-51612A5B917B}.Debug|x64.Build.0 = Debug|x64
		{6B457C05-3548-4A23-B3B4-51612A5B917B}.Debug|x64.Deploy.0 = Debug|x64
		{6B457C05-3548-4A23-B3B4-51612A5B917B}.Debug|x86.ActiveCfg = Debug|Win32
		{6B457C05-3548-4A23-B3B4-51612A5B917B}.Debug|x86.Build.0 = Debug|Win32
		{6B457C05-3548-4A23-B3B4-51612A5B917B}.lib-Debug|Any CPU.ActiveCfg = Debug|x64
		{6B457C05-3548-4A23-B3B4-51612A5B917B}.lib-Debug|Any CPU.Build.0 = Debug|x64
		{6B457C05-3548-4A23-B3B4-51612A5B917B}.lib-Debug|Any CPU.Deploy.0 = Debug|x64
		{6B457C05-3548-4A23-B3B4-51612A5B917B}.lib-Debug|ARM64.ActiveCfg = Debug|x64
		{6B457C05-3548-4A23-B3B4-51612A5B917B}.lib-Debug|ARM64.Build.0 = Debug|x64
		{6B457C05-3548-4A23-B3B4-51612A5B917B}.lib-Debug|ARM64.Deploy.0 = Debug|x64
		{6B457C05-3548-4A23-B3B4-51612A5B917B}.lib-Debug|x64.ActiveCfg = Debug|x64
		{6B457C05-3548-4A23-B3B4-51612A5B917B}.lib-Debug|x64.Build.0 = Debug|x64
		{6B457C05-3548-4A23-B3B4-51612A5B917B}.lib-Debug|x64.Deploy.0 = Debug|x64
		{6B457C05-3548-4A23-B3B4-51612A5B917B}.lib-Debug|x86.ActiveCfg = Debug|Win32
		{6B457C05-3548-4A23-B3B4-51612A5B917B}.lib-Debug|x86.Build.0 = Debug|Win32
		{6B457C05-3548-4A23-B3B4-51612A5B917B}.lib-Release|Any CPU.ActiveCfg = Release|x64
		{6B457C05-3548-4A23-B3B4-51612A5B917B}.lib-Release|Any CPU.Build.0 = Release|x64
		{6B457C05-3548-4A23-B3B4-51612A5B917B}.lib-Release|ARM64.ActiveCfg = Release|x64
		{6B457C05-3548-4A23-B3B4-51612A5B917B}.lib-Release|ARM64.Build.0 = Release|x64
		{6B457C05-3548-4A23-B3B4-51612A5B917B}.lib-Release|x64.ActiveCfg = Release|x64
		{6B457C05-3548-4A23-B3B4-51612A5B917B}.lib-Release|x64.Build.0 = Release|x64
		{6B457C05-3548-4A23-B3B4-51612A5B917B}.lib-Release|x86.ActiveCfg = Release|Win32
		{6B457C05-3548-4A23-B3B4-51612A5B917B}.lib-Release|x86.Build.0 = Release|Win32
		{6B457C05-3548-4A23-B3B4-51612A5B917B}.Release|Any CPU.ActiveCfg = Release|x64
		{6B457C05-3548-4A23-B3B4-51612A5B917B}.Release|Any CPU.Build.0 = Release|x64
		{6B457C05-3548-4A23-B3B4-51612A5B917B}.Release|ARM64.ActiveCfg = Release|x64
		{6B457C05-3548-4A23-B3B4-51612A5B917B}.Release|ARM64.Build.0 = Release|x64
		{6B457C05-3548-4A23-B3B4-51612A5B917B}.Release|x64.ActiveCfg = Release|x64
		{6B457C05-3548-4A23-B3B4-51612A5B917B}.Release|x64.Build.0 = Release|x64
		{6B457C05-3548-4A23-B3B4-51612A5B917B}.Release|x86.ActiveCfg = Release|Win32
		{6B457C05-3548-4A23-B3B4-51612A5B917B}.Release|x86.Build.0 = Release|Win32
		{6B457C05-3548-4A23-B3B4-51612A5B917B}.TestDriver|Any CPU.ActiveCfg = Debug|x64
		{6B457C05-3548-4A23-B3B4-51612A5B917B}.TestDriver|Any CPU.Build.0 = Debug|x64
		{6B457C05-3548-4A23-B3B4-51612A5B917B}.TestDriver|Any CPU.Deploy.0 = Debug|x64
		{6B457C05-3548-4A23-B3B4-51612A5B917B}.TestDriver|ARM64.ActiveCfg = Debug|x64
		{6B457C05-3548-4A23-B3B4-51612A5B917B}.TestDriver|ARM64.Build.0 = Debug|x64
		{6B457C05-3548-4A23-B3B4-51612A5B917B}.TestDriver|ARM64.Deploy.0 = Debug|x64
		{6B457C05-3548-4A23-B3B4-51612A5B917B}.TestDriver|x64.ActiveCfg = Debug|x64
		{6B457C05-3548-4A23-B3B4-51612A5B917B}.TestDriver|x64.Build.0 = Debug|x64
		{6B457C05-3548-4A23-B3B4-51612A5B917B}.TestDriver|x64.Deploy.0 = Debug|x64
		{6B457C05-3548-4A23-B3B4-51612A5B917B}.TestDriver|x86.ActiveCfg = Debug|Win32
		{6B457C05-3548-4A23-B3B4-51612A5B917B}.TestDriver|x86.Build.0 = Debug|Win32
	EndGlobalSection
	GlobalSection(SolutionProperties) = preSolution
		HideSolutionNode = FALSE
	EndGlobalSection
	GlobalSection(ExtensibilityGlobals) = postSolution
		SolutionGuid = {03805EA4-9AF6-40FE-9856-E8A3EBD50635}
	EndGlobalSection
EndGlobal
