<?xml version="1.0" encoding="utf-8"?>
<Project ToolsVersion="4.0" xmlns="http://schemas.microsoft.com/developer/msbuild/2003">
  <ItemGroup>
    <Filter Include="Source Files">
      <UniqueIdentifier>{4FC737F1-C7A5-4376-A066-2A32D752A2FF}</UniqueIdentifier>
      <Extensions>cpp;c;cc;cxx;c++;cppm;ixx;def;odl;idl;hpj;bat;asm;asmx</Extensions>
    </Filter>
    <Filter Include="Header Files">
      <UniqueIdentifier>{93995380-89BD-4b04-88EB-625FBE52EBFB}</UniqueIdentifier>
      <Extensions>h;hh;hpp;hxx;h++;hm;inl;inc;ipp;xsd</Extensions>
    </Filter>
    <Filter Include="Resource Files">
      <UniqueIdentifier>{67DA6AB6-F800-4c08-8B7A-83BB121AAD01}</UniqueIdentifier>
      <Extensions>rc;ico;cur;bmp;dlg;rc2;rct;bin;rgs;gif;jpg;jpeg;jpe;resx;tiff;tif;png;wav;mfcribbon-ms</Extensions>
    </Filter>
  </ItemGroup>
  <ItemGroup>
    <ClCompile Include="RAIIBuffer.cpp">
      <Filter>Source Files</Filter>
    </ClCompile>
    <ClCompile Include="RAIIDirectory.cpp">
      <Filter>Source Files</Filter>
    </ClCompile>
    <ClCompile Include="RAIIEvent.cpp">
      <Filter>Source Files</Filter>
    </ClCompile>
    <ClCompile Include="RAIIFile.cpp">
      <Filter>Source Files</Filter>
    </ClCompile>
    <ClCompile Include="RAIIProcess.cpp">
      <Filter>Source Files</Filter>
    </ClCompile>
    <ClCompile Include="RAIIThread.cpp">
      <Filter>Source Files</Filter>
    </ClCompile>
    <ClCompile Include="RAIIFileMapping.cpp">
      <Filter>Source Files</Filter>
    </ClCompile>
    <ClCompile Include="RAIIHandle.cpp">
      <Filter>Source Files</Filter>
    </ClCompile>
  </ItemGroup>
  <ItemGroup>
    <ClInclude Include="include\RAIIBuffer.h">
      <Filter>Header Files</Filter>
    </ClInclude>
    <ClInclude Include="include\RAIIDirectory.h">
      <Filter>Header Files</Filter>
    </ClInclude>
    <ClInclude Include="include\RAIIEvent.h">
      <Filter>Header Files</Filter>
    </ClInclude>
    <ClInclude Include="include\RAIIFile.h">
      <Filter>Header Files</Filter>
    </ClInclude>
    <ClInclude Include="include\RAIIFileMapping.h">
      <Filter>Header Files</Filter>
    </ClInclude>
    <ClInclude Include="include\RAIIProcess.h">
      <Filter>Header Files</Filter>
    </ClInclude>
    <ClInclude Include="include\RAIIHandle.h">
      <Filter>Header Files</Filter>
    </ClInclude>
    <ClInclude Include="include\RAIIThread.h">
      <Filter>Header Files</Filter>
    </ClInclude>
  </ItemGroup>
</Project>